// !$*UTF8*$!
{
	archiveVersion = 1;
	classes = {
	};
	objectVersion = 46;
	objects = {

/* Begin PBXBuildFile section */
		81019A801F3E8A1A00814779 /* main.m in Sources */ = {isa = PBXBuildFile; fileRef = 81019A7F1F3E8A1A00814779 /* main.m */; };
		81019A831F3E8A1A00814779 /* AppDelegate.m in Sources */ = {isa = PBXBuildFile; fileRef = 81019A821F3E8A1A00814779 /* AppDelegate.m */; };
		81019A861F3E8A1A00814779 /* ViewController.m in Sources */ = {isa = PBXBuildFile; fileRef = 81019A851F3E8A1A00814779 /* ViewController.m */; };
		81019A891F3E8A1A00814779 /* Main.storyboard in Resources */ = {isa = PBXBuildFile; fileRef = 81019A871F3E8A1A00814779 /* Main.storyboard */; };
		81019A8B1F3E8A1A00814779 /* Assets.xcassets in Resources */ = {isa = PBXBuildFile; fileRef = 81019A8A1F3E8A1A00814779 /* Assets.xcassets */; };
		81019A8E1F3E8A1A00814779 /* LaunchScreen.storyboard in Resources */ = {isa = PBXBuildFile; fileRef = 81019A8C1F3E8A1A00814779 /* LaunchScreen.storyboard */; };
		81019A9D1F3E8F8A00814779 /* 7.png in Resources */ = {isa = PBXBuildFile; fileRef = 81019A951F3E8F8A00814779 /* 7.png */; };
		81019A9E1F3E8F8A00814779 /* 8.png in Resources */ = {isa = PBXBuildFile; fileRef = 81019A961F3E8F8A00814779 /* 8.png */; };
		81019A9F1F3E8F8A00814779 /* 5.png in Resources */ = {isa = PBXBuildFile; fileRef = 81019A971F3E8F8A00814779 /* 5.png */; };
		81019AA01F3E8F8A00814779 /* 6.png in Resources */ = {isa = PBXBuildFile; fileRef = 81019A981F3E8F8A00814779 /* 6.png */; };
		81019AA11F3E8F8B00814779 /* 1.png in Resources */ = {isa = PBXBuildFile; fileRef = 81019A991F3E8F8A00814779 /* 1.png */; };
		81019AA21F3E8F8B00814779 /* 2.png in Resources */ = {isa = PBXBuildFile; fileRef = 81019A9A1F3E8F8A00814779 /* 2.png */; };
		81019AA31F3E8F8B00814779 /* 3.png in Resources */ = {isa = PBXBuildFile; fileRef = 81019A9B1F3E8F8A00814779 /* 3.png */; };
		81019AA41F3E8F8B00814779 /* 4.png in Resources */ = {isa = PBXBuildFile; fileRef = 81019A9C1F3E8F8A00814779 /* 4.png */; };
/* End PBXBuildFile section */

/* Begin PBXFileReference section */
		81019A7B1F3E8A1A00814779 /* Supperzzle.app */ = {isa = PBXFileReference; explicitFileType = wrapper.application; includeInIndex = 0; path = Supperzzle.app; sourceTree = BUILT_PRODUCTS_DIR; };
		81019A7F1F3E8A1A00814779 /* main.m */ = {isa = PBXFileReference; lastKnownFileType = sourcecode.c.objc; path = main.m; sourceTree = "<group>"; };
		81019A811F3E8A1A00814779 /* AppDelegate.h */ = {isa = PBXFileReference; lastKnownFileType = sourcecode.c.h; path = AppDelegate.h; sourceTree = "<group>"; };
		81019A821F3E8A1A00814779 /* AppDelegate.m */ = {isa = PBXFileReference; lastKnownFileType = sourcecode.c.objc; path = AppDelegate.m; sourceTree = "<group>"; };
		81019A841F3E8A1A00814779 /* ViewController.h */ = {isa = PBXFileReference; lastKnownFileType = sourcecode.c.h; path = ViewController.h; sourceTree = "<group>"; };
		81019A851F3E8A1A00814779 /* ViewController.m */ = {isa = PBXFileReference; lastKnownFileType = sourcecode.c.objc; path = ViewController.m; sourceTree = "<group>"; };
		81019A881F3E8A1A00814779 /* Base */ = {isa = PBXFileReference; lastKnownFileType = file.storyboard; name = Base; path = Base.lproj/Main.storyboard; sourceTree = "<group>"; };
		81019A8A1F3E8A1A00814779 /* Assets.xcassets */ = {isa = PBXFileReference; lastKnownFileType = folder.assetcatalog; path = Assets.xcassets; sourceTree = "<group>"; };
		81019A8D1F3E8A1A00814779 /* Base */ = {isa = PBXFileReference; lastKnownFileType = file.storyboard; name = Base; path = Base.lproj/LaunchScreen.storyboard; sourceTree = "<group>"; };
		81019A8F1F3E8A1A00814779 /* Info.plist */ = {isa = PBXFileReference; lastKnownFileType = text.plist.xml; path = Info.plist; sourceTree = "<group>"; };
		81019A951F3E8F8A00814779 /* 7.png */ = {isa = PBXFileReference; lastKnownFileType = image.png; path = 7.png; sourceTree = "<group>"; };
		81019A961F3E8F8A00814779 /* 8.png */ = {isa = PBXFileReference; lastKnownFileType = image.png; path = 8.png; sourceTree = "<group>"; };
		81019A971F3E8F8A00814779 /* 5.png */ = {isa = PBXFileReference; lastKnownFileType = image.png; path = 5.png; sourceTree = "<group>"; };
		81019A981F3E8F8A00814779 /* 6.png */ = {isa = PBXFileReference; lastKnownFileType = image.png; path = 6.png; sourceTree = "<group>"; };
		81019A991F3E8F8A00814779 /* 1.png */ = {isa = PBXFileReference; lastKnownFileType = image.png; path = 1.png; sourceTree = "<group>"; };
		81019A9A1F3E8F8A00814779 /* 2.png */ = {isa = PBXFileReference; lastKnownFileType = image.png; path = 2.png; sourceTree = "<group>"; };
		81019A9B1F3E8F8A00814779 /* 3.png */ = {isa = PBXFileReference; lastKnownFileType = image.png; path = 3.png; sourceTree = "<group>"; };
		81019A9C1F3E8F8A00814779 /* 4.png */ = {isa = PBXFileReference; lastKnownFileType = image.png; path = 4.png; sourceTree = "<group>"; };
/* End PBXFileReference section */

/* Begin PBXFrameworksBuildPhase section */
		81019A781F3E8A1A00814779 /* Frameworks */ = {
			isa = PBXFrameworksBuildPhase;
			buildActionMask = 2147483647;
			files = (
			);
			runOnlyForDeploymentPostprocessing = 0;
		};
/* End PBXFrameworksBuildPhase section */

/* Begin PBXGroup section */
		81019A721F3E8A1A00814779 = {
			isa = PBXGroup;
			children = (
				81019A951F3E8F8A00814779 /* 7.png */,
				81019A961F3E8F8A00814779 /* 8.png */,
				81019A971F3E8F8A00814779 /* 5.png */,
				81019A981F3E8F8A00814779 /* 6.png */,
				81019A991F3E8F8A00814779 /* 1.png */,
				81019A9A1F3E8F8A00814779 /* 2.png */,
				81019A9B1F3E8F8A00814779 /* 3.png */,
				81019A9C1F3E8F8A00814779 /* 4.png */,
				81019A7D1F3E8A1A00814779 /* Supperzzle */,
				81019A7C1F3E8A1A00814779 /* Products */,
			);
			sourceTree = "<group>";
		};
		81019A7C1F3E8A1A00814779 /* Products */ = {
			isa = PBXGroup;
			children = (
				81019A7B1F3E8A1A00814779 /* Supperzzle.app */,
			);
			name = Products;
			sourceTree = "<group>";
		};
		81019A7D1F3E8A1A00814779 /* Supperzzle */ = {
			isa = PBXGroup;
			children = (
				81019A811F3E8A1A00814779 /* AppDelegate.h */,
				81019A821F3E8A1A00814779 /* AppDelegate.m */,
				81019A841F3E8A1A00814779 /* ViewController.h */,
				81019A851F3E8A1A00814779 /* ViewController.m */,
				81019A871F3E8A1A00814779 /* Main.storyboard */,
				81019A8A1F3E8A1A00814779 /* Assets.xcassets */,
				81019A8C1F3E8A1A00814779 /* LaunchScreen.storyboard */,
				81019A8F1F3E8A1A00814779 /* Info.plist */,
				81019A7E1F3E8A1A00814779 /* Supporting Files */,
			);
			path = Supperzzle;
			sourceTree = "<group>";
		};
		81019A7E1F3E8A1A00814779 /* Supporting Files */ = {
			isa = PBXGroup;
			children = (
				81019A7F1F3E8A1A00814779 /* main.m */,
			);
			name = "Supporting Files";
			sourceTree = "<group>";
		};
/* End PBXGroup section */

/* Begin PBXNativeTarget section */
		81019A7A1F3E8A1A00814779 /* Supperzzle */ = {
			isa = PBXNativeTarget;
			buildConfigurationList = 81019A921F3E8A1A00814779 /* Build configuration list for PBXNativeTarget "Supperzzle" */;
			buildPhases = (
				81019A771F3E8A1A00814779 /* Sources */,
				81019A781F3E8A1A00814779 /* Frameworks */,
				81019A791F3E8A1A00814779 /* Resources */,
			);
			buildRules = (
			);
			dependencies = (
			);
			name = Supperzzle;
			productName = Supperzzle;
			productReference = 81019A7B1F3E8A1A00814779 /* Supperzzle.app */;
			productType = "com.apple.product-type.application";
		};
/* End PBXNativeTarget section */

/* Begin PBXProject section */
		81019A731F3E8A1A00814779 /* Project object */ = {
			isa = PBXProject;
			attributes = {
				LastUpgradeCheck = 0820;
				ORGANIZATIONNAME = "沈王强";
				TargetAttributes = {
					81019A7A1F3E8A1A00814779 = {
						CreatedOnToolsVersion = 8.2.1;
						ProvisioningStyle = Automatic;
					};
				};
			};
			buildConfigurationList = 81019A761F3E8A1A00814779 /* Build configuration list for PBXProject "Supperzzle" */;
			compatibilityVersion = "Xcode 3.2";
			developmentRegion = English;
			hasScannedForEncodings = 0;
			knownRegions = (
				en,
				Base,
			);
			mainGroup = 81019A721F3E8A1A00814779;
			productRefGroup = 81019A7C1F3E8A1A00814779 /* Products */;
			projectDirPath = "";
			projectRoot = "";
			targets = (
				81019A7A1F3E8A1A00814779 /* Supperzzle */,
			);
		};
/* End PBXProject section */

/* Begin PBXResourcesBuildPhase section */
		81019A791F3E8A1A00814779 /* Resources */ = {
			isa = PBXResourcesBuildPhase;
			buildActionMask = 2147483647;
			files = (
				81019AA41F3E8F8B00814779 /* 4.png in Resources */,
				81019AA01F3E8F8A00814779 /* 6.png in Resources */,
				81019AA11F3E8F8B00814779 /* 1.png in Resources */,
				81019A9E1F3E8F8A00814779 /* 8.png in Resources */,
				81019A8E1F3E8A1A00814779 /* LaunchScreen.storyboard in Resources */,
				81019A8B1F3E8A1A00814779 /* Assets.xcassets in Resources */,
				81019AA31F3E8F8B00814779 /* 3.png in Resources */,
				81019A9F1F3E8F8A00814779 /* 5.png in Resources */,
				81019AA21F3E8F8B00814779 /* 2.png in Resources */,
				81019A891F3E8A1A00814779 /* Main.storyboard in Resources */,
				81019A9D1F3E8F8A00814779 /* 7.png in Resources */,
			);
			runOnlyForDeploymentPostprocessing = 0;
		};
/* End PBXResourcesBuildPhase section */

/* Begin PBXSourcesBuildPhase section */
		81019A771F3E8A1A00814779 /* Sources */ = {
			isa = PBXSourcesBuildPhase;
			buildActionMask = 2147483647;
			files = (
				81019A861F3E8A1A00814779 /* ViewController.m in Sources */,
				81019A831F3E8A1A00814779 /* AppDelegate.m in Sources */,
				81019A801F3E8A1A00814779 /* main.m in Sources */,
			);
			runOnlyForDeploymentPostprocessing = 0;
		};
/* End PBXSourcesBuildPhase section */

/* Begin PBXVariantGroup section */
		81019A871F3E8A1A00814779 /* Main.storyboard */ = {
			isa = PBXVariantGroup;
			children = (
				81019A881F3E8A1A00814779 /* Base */,
			);
			name = Main.storyboard;
			sourceTree = "<group>";
		};
		81019A8C1F3E8A1A00814779 /* LaunchScreen.storyboard */ = {
			isa = PBXVariantGroup;
			children = (
				81019A8D1F3E8A1A00814779 /* Base */,
			);
			name = LaunchScreen.storyboard;
			sourceTree = "<group>";
		};
/* End PBXVariantGroup section */

/* Begin XCBuildConfiguration section */
		81019A901F3E8A1A00814779 /* Debug */ = {
			isa = XCBuildConfiguration;
			buildSettings = {
				ALWAYS_SEARCH_USER_PATHS = NO;
				CLANG_ANALYZER_NONNULL = YES;
				CLANG_CXX_LANGUAGE_STANDARD = "gnu++0x";
				CLANG_CXX_LIBRARY = "libc++";
				CLANG_ENABLE_MODULES = YES;
				CLANG_ENABLE_OBJC_ARC = YES;
				CLANG_WARN_BOOL_CONVERSION = YES;
				CLANG_WARN_CONSTANT_CONVERSION = YES;
				CLANG_WARN_DIRECT_OBJC_ISA_USAGE = YES_ERROR;
				CLANG_WARN_DOCUMENTATION_COMMENTS = YES;
				CLANG_WARN_EMPTY_BODY = YES;
				CLANG_WARN_ENUM_CONVERSION = YES;
				CLANG_WARN_INFINITE_RECURSION = YES;
				CLANG_WARN_INT_CONVERSION = YES;
				CLANG_WARN_OBJC_ROOT_CLASS = YES_ERROR;
				CLANG_WARN_SUSPICIOUS_MOVE = YES;
				CLANG_WARN_UNREACHABLE_CODE = YES;
				CLANG_WARN__DUPLICATE_METHOD_MATCH = YES;
				"CODE_SIGN_IDENTITY[sdk=iphoneos*]" = "iPhone Developer";
				COPY_PHASE_STRIP = NO;
				DEBUG_INFORMATION_FORMAT = dwarf;
				ENABLE_STRICT_OBJC_MSGSEND = YES;
				ENABLE_TESTABILITY = YES;
				GCC_C_LANGUAGE_STANDARD = gnu99;
				GCC_DYNAMIC_NO_PIC = NO;
				GCC_NO_COMMON_BLOCKS = YES;
				GCC_OPTIMIZATION_LEVEL = 0;
				GCC_PREPROCESSOR_DEFINITIONS = (
					"DEBUG=1",
					"$(inherited)",
				);
				GCC_WARN_64_TO_32_BIT_CONVERSION = YES;
				GCC_WARN_ABOUT_RETURN_TYPE = YES_ERROR;
				GCC_WARN_UNDECLARED_SELECTOR = YES;
				GCC_WARN_UNINITIALIZED_AUTOS = YES_AGGRESSIVE;
				GCC_WARN_UNUSED_FUNCTION = YES;
				GCC_WARN_UNUSED_VARIABLE = YES;
				IPHONEOS_DEPLOYMENT_TARGET = 10.2;
				MTL_ENABLE_DEBUG_INFO = YES;
				ONLY_ACTIVE_ARCH = YES;
				SDKROOT = iphoneos;
			};
			name = Debug;
		};
		81019A911F3E8A1A00814779 /* Release */ = {
			isa = XCBuildConfiguration;
			buildSettings = {
				ALWAYS_SEARCH_USER_PATHS = NO;
				CLANG_ANALYZER_NONNULL = YES;
				CLANG_CXX_LANGUAGE_STANDARD = "gnu++0x";
				CLANG_CXX_LIBRARY = "libc++";
				CLANG_ENABLE_MODULES = YES;
				CLANG_ENABLE_OBJC_ARC = YES;
				CLANG_WARN_BOOL_CONVERSION = YES;
				CLANG_WARN_CONSTANT_CONVERSION = YES;
				CLANG_WARN_DIRECT_OBJC_ISA_USAGE = YES_ERROR;
				CLANG_WARN_DOCUMENTATION_COMMENTS = YES;
				CLANG_WARN_EMPTY_BODY = YES;
				CLANG_WARN_ENUM_CONVERSION = YES;
				CLANG_WARN_INFINITE_RECURSION = YES;
				CLANG_WARN_INT_CONVERSION = YES;
				CLANG_WARN_OBJC_ROOT_CLASS = YES_ERROR;
				CLANG_WARN_SUSPICIOUS_MOVE = YES;
				CLANG_WARN_UNREACHABLE_CODE = YES;
				CLANG_WARN__DUPLICATE_METHOD_MATCH = YES;
				"CODE_SIGN_IDENTITY[sdk=iphoneos*]" = "iPhone Developer";
				COPY_PHASE_STRIP = NO;
				DEBUG_INFORMATION_FORMAT = "dwarf-with-dsym";
				ENABLE_NS_ASSERTIONS = NO;
				ENABLE_STRICT_OBJC_MSGSEND = YES;
				GCC_C_LANGUAGE_STANDARD = gnu99;
				GCC_NO_COMMON_BLOCKS = YES;
				GCC_WARN_64_TO_32_BIT_CONVERSION = YES;
				GCC_WARN_ABOUT_RETURN_TYPE = YES_ERROR;
				GCC_WARN_UNDECLARED_SELECTOR = YES;
				GCC_WARN_UNINITIALIZED_AUTOS = YES_AGGRESSIVE;
				GCC_WARN_UNUSED_FUNCTION = YES;
				GCC_WARN_UNUSED_VARIABLE = YES;
				IPHONEOS_DEPLOYMENT_TARGET = 10.2;
				MTL_ENABLE_DEBUG_INFO = NO;
				SDKROOT = iphoneos;
				VALIDATE_PRODUCT = YES;
			};
			name = Release;
		};
		81019A931F3E8A1A00814779 /* Debug */ = {
			isa = XCBuildConfiguration;
			buildSettings = {
				ASSETCATALOG_COMPILER_APPICON_NAME = AppIcon;
				INFOPLIST_FILE = Supperzzle/Info.plist;
				LD_RUNPATH_SEARCH_PATHS = "$(inherited) @executable_path/Frameworks";
				PRODUCT_BUNDLE_IDENTIFIER = com.shen.Supperzzle;
				PRODUCT_NAME = "$(TARGET_NAME)";
			};
			name = Debug;
		};
		81019A941F3E8A1A00814779 /* Release */ = {
			isa = XCBuildConfiguration;
			buildSettings = {
				ASSETCATALOG_COMPILER_APPICON_NAME = AppIcon;
				INFOPLIST_FILE = Supperzzle/Info.plist;
				LD_RUNPATH_SEARCH_PATHS = "$(inherited) @executable_path/Frameworks";
				PRODUCT_BUNDLE_IDENTIFIER = com.shen.Supperzzle;
				PRODUCT_NAME = "$(TARGET_NAME)";
			};
			name = Release;
		};
/* End XCBuildConfiguration section */

/* Begin XCConfigurationList section */
		81019A761F3E8A1A00814779 /* Build configuration list for PBXProject "Supperzzle" */ = {
			isa = XCConfigurationList;
			buildConfigurations = (
				81019A901F3E8A1A00814779 /* Debug */,
				81019A911F3E8A1A00814779 /* Release */,
			);
			defaultConfigurationIsVisible = 0;
			defaultConfigurationName = Release;
		};
		81019A921F3E8A1A00814779 /* Build configuration list for PBXNativeTarget "Supperzzle" */ = {
			isa = XCConfigurationList;
			buildConfigurations = (
				81019A931F3E8A1A00814779 /* Debug */,
				81019A941F3E8A1A00814779 /* Release */,
			);
			defaultConfigurationIsVisible = 0;
		};
/* End XCConfigurationList section */
	};
	rootObject = 81019A731F3E8A1A00814779 /* Project object */;
}
